
Microsoft Visual Studio Solution File, Format Version 12.00
# Visual Studio Version 17
VisualStudioVersion = 17.8.34525.116
MinimumVisualStudioVersion = 10.0.40219.1
Project("{FAE04EC0-301F-11D3-BF4B-00C04F79EFBC}") = "Юмагулов_Глазки-save", "Юмагулов_Глазки-save.csproj", "{43BA25F0-5E35-4AD5-9442-8F5B8D59C88B}"
EndProject
Global
	GlobalSection(SolutionConfigurationPlatforms) = preSolution
		Debug|Any CPU = Debug|Any CPU
		Release|Any CPU = Release|Any CPU
	EndGlobalSection
	GlobalSection(ProjectConfigurationPlatforms) = postSolution
		{43BA25F0-5E35-4AD5-9442-8F5B8D59C88B}.Debug|Any CPU.ActiveCfg = Debug|Any CPU
		{43BA25F0-5E35-4AD5-9442-8F5B8D59C88B}.Debug|Any CPU.Build.0 = Debug|Any CPU
		{43BA25F0-5E35-4AD5-9442-8F5B8D59C88B}.Release|Any CPU.ActiveCfg = Release|Any CPU
		{43BA25F0-5E35-4AD5-9442-8F5B8D59C88B}.Release|Any CPU.Build.0 = Release|Any CPU
	EndGlobalSection
	GlobalSection(SolutionProperties) = preSolution
		HideSolutionNode = FALSE
	EndGlobalSection
	GlobalSection(ExtensibilityGlobals) = postSolution
		SolutionGuid = {4697AB53-C85D-4A2F-B700-44A2FD1DE108}
	EndGlobalSection
EndGlobal
